// !$*UTF8*$!
{
	archiveVersion = 1;
	classes = {
	};
	objectVersion = 56;
	objects = {

/* Begin PBXBuildFile section */
		652AF3BC2CBE8F7000B0785E /* sorexApp.swift in Sources */ = {isa = PBXBuildFile; fileRef = 652AF3BB2CBE8F7000B0785E /* sorexApp.swift */; };
		652AF3BE2CBE8F7000B0785E /* ContentView.swift in Sources */ = {isa = PBXBuildFile; fileRef = 652AF3BD2CBE8F7000B0785E /* ContentView.swift */; };
		652AF3C02CBE8F7300B0785E /* Assets.xcassets in Resources */ = {isa = PBXBuildFile; fileRef = 652AF3BF2CBE8F7300B0785E /* Assets.xcassets */; };
		652AF3C32CBE8F7300B0785E /* Preview Assets.xcassets in Resources */ = {isa = PBXBuildFile; fileRef = 652AF3C22CBE8F7300B0785E /* Preview Assets.xcassets */; };
		652AF3CC2CBE8FD900B0785E /* MarkdownView in Frameworks */ = {isa = PBXBuildFile; productRef = 652AF3CB2CBE8FD900B0785E /* MarkdownView */; };
		652AF3CF2CBE900D00B0785E /* database.swift in Sources */ = {isa = PBXBuildFile; fileRef = 652AF3CE2CBE900D00B0785E /* database.swift */; };
		652AF3D22CBE902600B0785E /* SQLite in Frameworks */ = {isa = PBXBuildFile; productRef = 652AF3D12CBE902600B0785E /* SQLite */; };
/* End PBXBuildFile section */

/* Begin PBXFileReference section */
		652AF3B82CBE8F7000B0785E /* sorex.app */ = {isa = PBXFileReference; explicitFileType = wrapper.application; includeInIndex = 0; path = sorex.app; sourceTree = BUILT_PRODUCTS_DIR; };
		652AF3BB2CBE8F7000B0785E /* sorexApp.swift */ = {isa = PBXFileReference; lastKnownFileType = sourcecode.swift; path = sorexApp.swift; sourceTree = "<group>"; };
		652AF3BD2CBE8F7000B0785E /* ContentView.swift */ = {isa = PBXFileReference; lastKnownFileType = sourcecode.swift; path = ContentView.swift; sourceTree = "<group>"; };
		652AF3BF2CBE8F7300B0785E /* Assets.xcassets */ = {isa = PBXFileReference; lastKnownFileType = folder.assetcatalog; path = Assets.xcassets; sourceTree = "<group>"; };
		652AF3C22CBE8F7300B0785E /* Preview Assets.xcassets */ = {isa = PBXFileReference; lastKnownFileType = folder.assetcatalog; path = "Preview Assets.xcassets"; sourceTree = "<group>"; };
		652AF3C42CBE8F7300B0785E /* sorex.entitlements */ = {isa = PBXFileReference; lastKnownFileType = text.plist.entitlements; path = sorex.entitlements; sourceTree = "<group>"; };
		652AF3CE2CBE900D00B0785E /* database.swift */ = {isa = PBXFileReference; fileEncoding = 4; lastKnownFileType = sourcecode.swift; path = database.swift; sourceTree = "<group>"; };
/* End PBXFileReference section */

/* Begin PBXFrameworksBuildPhase section */
		652AF3B52CBE8F7000B0785E /* Frameworks */ = {
			isa = PBXFrameworksBuildPhase;
			buildActionMask = 2147483647;
			files = (
				652AF3D22CBE902600B0785E /* SQLite in Frameworks */,
				652AF3CC2CBE8FD900B0785E /* MarkdownView in Frameworks */,
			);
			runOnlyForDeploymentPostprocessing = 0;
		};
/* End PBXFrameworksBuildPhase section */

/* Begin PBXGroup section */
		652AF3AF2CBE8F7000B0785E = {
			isa = PBXGroup;
			children = (
				652AF3BA2CBE8F7000B0785E /* sorex */,
				652AF3B92CBE8F7000B0785E /* Products */,
			);
			sourceTree = "<group>";
		};
		652AF3B92CBE8F7000B0785E /* Products */ = {
			isa = PBXGroup;
			children = (
				652AF3B82CBE8F7000B0785E /* sorex.app */,
			);
			name = Products;
			sourceTree = "<group>";
		};
		652AF3BA2CBE8F7000B0785E /* sorex */ = {
			isa = PBXGroup;
			children = (
				652AF3CD2CBE900D00B0785E /* model */,
				652AF3BB2CBE8F7000B0785E /* sorexApp.swift */,
				652AF3BD2CBE8F7000B0785E /* ContentView.swift */,
				652AF3BF2CBE8F7300B0785E /* Assets.xcassets */,
				652AF3C42CBE8F7300B0785E /* sorex.entitlements */,
				652AF3C12CBE8F7300B0785E /* Preview Content */,
			);
			path = sorex;
			sourceTree = "<group>";
		};
		652AF3C12CBE8F7300B0785E /* Preview Content */ = {
			isa = PBXGroup;
			children = (
				652AF3C22CBE8F7300B0785E /* Preview Assets.xcassets */,
			);
			path = "Preview Content";
			sourceTree = "<group>";
		};
		652AF3CD2CBE900D00B0785E /* model */ = {
			isa = PBXGroup;
			children = (
				652AF3CE2CBE900D00B0785E /* database.swift */,
			);
			path = model;
			sourceTree = "<group>";
		};
/* End PBXGroup section */

/* Begin PBXNativeTarget section */
		652AF3B72CBE8F7000B0785E /* sorex */ = {
			isa = PBXNativeTarget;
			buildConfigurationList = 652AF3C72CBE8F7300B0785E /* Build configuration list for PBXNativeTarget "sorex" */;
			buildPhases = (
				652AF3B42CBE8F7000B0785E /* Sources */,
				652AF3B52CBE8F7000B0785E /* Frameworks */,
				652AF3B62CBE8F7000B0785E /* Resources */,
			);
			buildRules = (
			);
			dependencies = (
			);
			name = sorex;
			packageProductDependencies = (
				652AF3CB2CBE8FD900B0785E /* MarkdownView */,
				652AF3D12CBE902600B0785E /* SQLite */,
			);
			productName = sorex;
			productReference = 652AF3B82CBE8F7000B0785E /* sorex.app */;
			productType = "com.apple.product-type.application";
		};
/* End PBXNativeTarget section */

/* Begin PBXProject section */
		652AF3B02CBE8F7000B0785E /* Project object */ = {
			isa = PBXProject;
			attributes = {
				BuildIndependentTargetsInParallel = 1;
				LastSwiftUpdateCheck = 1520;
				LastUpgradeCheck = 1520;
				TargetAttributes = {
					652AF3B72CBE8F7000B0785E = {
						CreatedOnToolsVersion = 15.2;
					};
				};
			};
			buildConfigurationList = 652AF3B32CBE8F7000B0785E /* Build configuration list for PBXProject "sorex" */;
			compatibilityVersion = "Xcode 14.0";
			developmentRegion = en;
			hasScannedForEncodings = 0;
			knownRegions = (
				en,
				Base,
			);
			mainGroup = 652AF3AF2CBE8F7000B0785E;
			packageReferences = (
				652AF3CA2CBE8FD900B0785E /* XCRemoteSwiftPackageReference "MarkdownView" */,
				652AF3D02CBE902600B0785E /* XCRemoteSwiftPackageReference "SQLite" */,
			);
			productRefGroup = 652AF3B92CBE8F7000B0785E /* Products */;
			projectDirPath = "";
			projectRoot = "";
			targets = (
				652AF3B72CBE8F7000B0785E /* sorex */,
			);
		};
/* End PBXProject section */

/* Begin PBXResourcesBuildPhase section */
		652AF3B62CBE8F7000B0785E /* Resources */ = {
			isa = PBXResourcesBuildPhase;
			buildActionMask = 2147483647;
			files = (
				652AF3C32CBE8F7300B0785E /* Preview Assets.xcassets in Resources */,
				652AF3C02CBE8F7300B0785E /* Assets.xcassets in Resources */,
			);
			runOnlyForDeploymentPostprocessing = 0;
		};
/* End PBXResourcesBuildPhase section */

/* Begin PBXSourcesBuildPhase section */
		652AF3B42CBE8F7000B0785E /* Sources */ = {
			isa = PBXSourcesBuildPhase;
			buildActionMask = 2147483647;
			files = (
				652AF3BE2CBE8F7000B0785E /* ContentView.swift in Sources */,
				652AF3BC2CBE8F7000B0785E /* sorexApp.swift in Sources */,
				652AF3CF2CBE900D00B0785E /* database.swift in Sources */,
			);
			runOnlyForDeploymentPostprocessing = 0;
		};
/* End PBXSourcesBuildPhase section */

/* Begin XCBuildConfiguration section */
		652AF3C52CBE8F7300B0785E /* Debug */ = {
			isa = XCBuildConfiguration;
			buildSettings = {
				ALWAYS_SEARCH_USER_PATHS = NO;
				ASSETCATALOG_COMPILER_GENERATE_SWIFT_ASSET_SYMBOL_EXTENSIONS = YES;
				CLANG_ANALYZER_NONNULL = YES;
				CLANG_ANALYZER_NUMBER_OBJECT_CONVERSION = YES_AGGRESSIVE;
				CLANG_CXX_LANGUAGE_STANDARD = "gnu++20";
				CLANG_ENABLE_MODULES = YES;
				CLANG_ENABLE_OBJC_ARC = YES;
				CLANG_ENABLE_OBJC_WEAK = YES;
				CLANG_WARN_BLOCK_CAPTURE_AUTORELEASING = YES;
				CLANG_WARN_BOOL_CONVERSION = YES;
				CLANG_WARN_COMMA = YES;
				CLANG_WARN_CONSTANT_CONVERSION = YES;
				CLANG_WARN_DEPRECATED_OBJC_IMPLEMENTATIONS = YES;
				CLANG_WARN_DIRECT_OBJC_ISA_USAGE = YES_ERROR;
				CLANG_WARN_DOCUMENTATION_COMMENTS = YES;
				CLANG_WARN_EMPTY_BODY = YES;
				CLANG_WARN_ENUM_CONVERSION = YES;
				CLANG_WARN_INFINITE_RECURSION = YES;
				CLANG_WARN_INT_CONVERSION = YES;
				CLANG_WARN_NON_LITERAL_NULL_CONVERSION = YES;
				CLANG_WARN_OBJC_IMPLICIT_RETAIN_SELF = YES;
				CLANG_WARN_OBJC_LITERAL_CONVERSION = YES;
				CLANG_WARN_OBJC_ROOT_CLASS = YES_ERROR;
				CLANG_WARN_QUOTED_INCLUDE_IN_FRAMEWORK_HEADER = YES;
				CLANG_WARN_RANGE_LOOP_ANALYSIS = YES;
				CLANG_WARN_STRICT_PROTOTYPES = YES;
				CLANG_WARN_SUSPICIOUS_MOVE = YES;
				CLANG_WARN_UNGUARDED_AVAILABILITY = YES_AGGRESSIVE;
				CLANG_WARN_UNREACHABLE_CODE = YES;
				CLANG_WARN__DUPLICATE_METHOD_MATCH = YES;
				COPY_PHASE_STRIP = NO;
				DEBUG_INFORMATION_FORMAT = dwarf;
				ENABLE_STRICT_OBJC_MSGSEND = YES;
				ENABLE_TESTABILITY = YES;
				ENABLE_USER_SCRIPT_SANDBOXING = YES;
				GCC_C_LANGUAGE_STANDARD = gnu17;
				GCC_DYNAMIC_NO_PIC = NO;
				GCC_NO_COMMON_BLOCKS = YES;
				GCC_OPTIMIZATION_LEVEL = 0;
				GCC_PREPROCESSOR_DEFINITIONS = (
					"DEBUG=1",
					"$(inherited)",
				);
				GCC_WARN_64_TO_32_BIT_CONVERSION = YES;
				GCC_WARN_ABOUT_RETURN_TYPE = YES_ERROR;
				GCC_WARN_UNDECLARED_SELECTOR = YES;
				GCC_WARN_UNINITIALIZED_AUTOS = YES_AGGRESSIVE;
				GCC_WARN_UNUSED_FUNCTION = YES;
				GCC_WARN_UNUSED_VARIABLE = YES;
				LOCALIZATION_PREFERS_STRING_CATALOGS = YES;
				MACOSX_DEPLOYMENT_TARGET = 13.6;
				MTL_ENABLE_DEBUG_INFO = INCLUDE_SOURCE;
				MTL_FAST_MATH = YES;
				ONLY_ACTIVE_ARCH = YES;
				SDKROOT = macosx;
				SWIFT_ACTIVE_COMPILATION_CONDITIONS = "DEBUG $(inherited)";
				SWIFT_OPTIMIZATION_LEVEL = "-Onone";
			};
			name = Debug;
		};
		652AF3C62CBE8F7300B0785E /* Release */ = {
			isa = XCBuildConfiguration;
			buildSettings = {
				ALWAYS_SEARCH_USER_PATHS = NO;
				ASSETCATALOG_COMPILER_GENERATE_SWIFT_ASSET_SYMBOL_EXTENSIONS = YES;
				CLANG_ANALYZER_NONNULL = YES;
				CLANG_ANALYZER_NUMBER_OBJECT_CONVERSION = YES_AGGRESSIVE;
				CLANG_CXX_LANGUAGE_STANDARD = "gnu++20";
				CLANG_ENABLE_MODULES = YES;
				CLANG_ENABLE_OBJC_ARC = YES;
				CLANG_ENABLE_OBJC_WEAK = YES;
				CLANG_WARN_BLOCK_CAPTURE_AUTORELEASING = YES;
				CLANG_WARN_BOOL_CONVERSION = YES;
				CLANG_WARN_COMMA = YES;
				CLANG_WARN_CONSTANT_CONVERSION = YES;
				CLANG_WARN_DEPRECATED_OBJC_IMPLEMENTATIONS = YES;
				CLANG_WARN_DIRECT_OBJC_ISA_USAGE = YES_ERROR;
				CLANG_WARN_DOCUMENTATION_COMMENTS = YES;
				CLANG_WARN_EMPTY_BODY = YES;
				CLANG_WARN_ENUM_CONVERSION = YES;
				CLANG_WARN_INFINITE_RECURSION = YES;
				CLANG_WARN_INT_CONVERSION = YES;
				CLANG_WARN_NON_LITERAL_NULL_CONVERSION = YES;
				CLANG_WARN_OBJC_IMPLICIT_RETAIN_SELF = YES;
				CLANG_WARN_OBJC_LITERAL_CONVERSION = YES;
				CLANG_WARN_OBJC_ROOT_CLASS = YES_ERROR;
				CLANG_WARN_QUOTED_INCLUDE_IN_FRAMEWORK_HEADER = YES;
				CLANG_WARN_RANGE_LOOP_ANALYSIS = YES;
				CLANG_WARN_STRICT_PROTOTYPES = YES;
				CLANG_WARN_SUSPICIOUS_MOVE = YES;
				CLANG_WARN_UNGUARDED_AVAILABILITY = YES_AGGRESSIVE;
				CLANG_WARN_UNREACHABLE_CODE = YES;
				CLANG_WARN__DUPLICATE_METHOD_MATCH = YES;
				COPY_PHASE_STRIP = NO;
				DEBUG_INFORMATION_FORMAT = "dwarf-with-dsym";
				ENABLE_NS_ASSERTIONS = NO;
				ENABLE_STRICT_OBJC_MSGSEND = YES;
				ENABLE_USER_SCRIPT_SANDBOXING = YES;
				GCC_C_LANGUAGE_STANDARD = gnu17;
				GCC_NO_COMMON_BLOCKS = YES;
				GCC_WARN_64_TO_32_BIT_CONVERSION = YES;
				GCC_WARN_ABOUT_RETURN_TYPE = YES_ERROR;
				GCC_WARN_UNDECLARED_SELECTOR = YES;
				GCC_WARN_UNINITIALIZED_AUTOS = YES_AGGRESSIVE;
				GCC_WARN_UNUSED_FUNCTION = YES;
				GCC_WARN_UNUSED_VARIABLE = YES;
				LOCALIZATION_PREFERS_STRING_CATALOGS = YES;
				MACOSX_DEPLOYMENT_TARGET = 13.6;
				MTL_ENABLE_DEBUG_INFO = NO;
				MTL_FAST_MATH = YES;
				SDKROOT = macosx;
				SWIFT_COMPILATION_MODE = wholemodule;
			};
			name = Release;
		};
		652AF3C82CBE8F7300B0785E /* Debug */ = {
			isa = XCBuildConfiguration;
			buildSettings = {
				ASSETCATALOG_COMPILER_APPICON_NAME = AppIcon;
				ASSETCATALOG_COMPILER_GLOBAL_ACCENT_COLOR_NAME = AccentColor;
				CODE_SIGN_ENTITLEMENTS = sorex/sorex.entitlements;
				CODE_SIGN_STYLE = Automatic;
				COMBINE_HIDPI_IMAGES = YES;
				CURRENT_PROJECT_VERSION = 1;
				DEVELOPMENT_ASSET_PATHS = "\"sorex/Preview Content\"";
				DEVELOPMENT_TEAM = UUK2LMKK3C;
				ENABLE_HARDENED_RUNTIME = NO;
				ENABLE_PREVIEWS = YES;
				GENERATE_INFOPLIST_FILE = YES;
				INFOPLIST_KEY_NSHumanReadableCopyright = "";
				LD_RUNPATH_SEARCH_PATHS = (
					"$(inherited)",
					"@executable_path/../Frameworks",
				);
				MARKETING_VERSION = 1.0;
				PRODUCT_BUNDLE_IDENTIFIER = com.mitrakoff.self.sorex;
				PRODUCT_NAME = "$(TARGET_NAME)";
				SWIFT_EMIT_LOC_STRINGS = YES;
				SWIFT_VERSION = 5.0;
			};
			name = Debug;
		};
		652AF3C92CBE8F7300B0785E /* Release */ = {
			isa = XCBuildConfiguration;
			buildSettings = {
				ASSETCATALOG_COMPILER_APPICON_NAME = AppIcon;
				ASSETCATALOG_COMPILER_GLOBAL_ACCENT_COLOR_NAME = AccentColor;
				CODE_SIGN_ENTITLEMENTS = sorex/sorex.entitlements;
				CODE_SIGN_STYLE = Automatic;
				COMBINE_HIDPI_IMAGES = YES;
				CURRENT_PROJECT_VERSION = 1;
				DEVELOPMENT_ASSET_PATHS = "\"sorex/Preview Content\"";
				DEVELOPMENT_TEAM = UUK2LMKK3C;
				ENABLE_HARDENED_RUNTIME = NO;
				ENABLE_PREVIEWS = YES;
				GENERATE_INFOPLIST_FILE = YES;
				INFOPLIST_KEY_NSHumanReadableCopyright = "";
				LD_RUNPATH_SEARCH_PATHS = (
					"$(inherited)",
					"@executable_path/../Frameworks",
				);
				MARKETING_VERSION = 1.0;
				PRODUCT_BUNDLE_IDENTIFIER = com.mitrakoff.self.sorex;
				PRODUCT_NAME = "$(TARGET_NAME)";
				SWIFT_EMIT_LOC_STRINGS = YES;
				SWIFT_VERSION = 5.0;
			};
			name = Release;
		};
/* End XCBuildConfiguration section */

/* Begin XCConfigurationList section */
		652AF3B32CBE8F7000B0785E /* Build configuration list for PBXProject "sorex" */ = {
			isa = XCConfigurationList;
			buildConfigurations = (
				652AF3C52CBE8F7300B0785E /* Debug */,
				652AF3C62CBE8F7300B0785E /* Release */,
			);
			defaultConfigurationIsVisible = 0;
			defaultConfigurationName = Release;
		};
		652AF3C72CBE8F7300B0785E /* Build configuration list for PBXNativeTarget "sorex" */ = {
			isa = XCConfigurationList;
			buildConfigurations = (
				652AF3C82CBE8F7300B0785E /* Debug */,
				652AF3C92CBE8F7300B0785E /* Release */,
			);
			defaultConfigurationIsVisible = 0;
			defaultConfigurationName = Release;
		};
/* End XCConfigurationList section */

/* Begin XCRemoteSwiftPackageReference section */
		652AF3CA2CBE8FD900B0785E /* XCRemoteSwiftPackageReference "MarkdownView" */ = {
			isa = XCRemoteSwiftPackageReference;
			repositoryURL = "https://github.com/LiYanan2004/MarkdownView";
			requirement = {
				kind = upToNextMajorVersion;
				minimumVersion = 1.7.0;
			};
		};
		652AF3D02CBE902600B0785E /* XCRemoteSwiftPackageReference "SQLite" */ = {
			isa = XCRemoteSwiftPackageReference;
			repositoryURL = "https://github.com/stephencelis/SQLite.swift";
			requirement = {
				kind = upToNextMajorVersion;
				minimumVersion = 0.15.3;
			};
		};
/* End XCRemoteSwiftPackageReference section */

/* Begin XCSwiftPackageProductDependency section */
		652AF3CB2CBE8FD900B0785E /* MarkdownView */ = {
			isa = XCSwiftPackageProductDependency;
			package = 652AF3CA2CBE8FD900B0785E /* XCRemoteSwiftPackageReference "MarkdownView" */;
			productName = MarkdownView;
		};
		652AF3D12CBE902600B0785E /* SQLite */ = {
			isa = XCSwiftPackageProductDependency;
			package = 652AF3D02CBE902600B0785E /* XCRemoteSwiftPackageReference "SQLite" */;
			productName = SQLite;
		};
/* End XCSwiftPackageProductDependency section */
	};
	rootObject = 652AF3B02CBE8F7000B0785E /* Project object */;
}
