// !$*UTF8*$!
{
	archiveVersion = 1;
	classes = {
	};
	objectVersion = 56;
	objects = {

/* Begin PBXBuildFile section */
		652B49202CB4181A00A64A9A /* SQLite in Frameworks */ = {isa = PBXBuildFile; productRef = 652B491F2CB4181A00A64A9A /* SQLite */; };
		652B49232CB4187200A64A9A /* MarkdownUI in Frameworks */ = {isa = PBXBuildFile; productRef = 652B49222CB4187200A64A9A /* MarkdownUI */; };
		652B49282CB43E5A00A64A9A /* database.swift in Sources */ = {isa = PBXBuildFile; fileRef = 652B49272CB43E5A00A64A9A /* database.swift */; };
		653EC6672CB4172400314BB5 /* SorexApp.swift in Sources */ = {isa = PBXBuildFile; fileRef = 653EC6662CB4172400314BB5 /* SorexApp.swift */; };
		653EC6692CB4172400314BB5 /* ContentView.swift in Sources */ = {isa = PBXBuildFile; fileRef = 653EC6682CB4172400314BB5 /* ContentView.swift */; };
		653EC66B2CB4172700314BB5 /* Assets.xcassets in Resources */ = {isa = PBXBuildFile; fileRef = 653EC66A2CB4172700314BB5 /* Assets.xcassets */; };
		653EC66E2CB4172700314BB5 /* Preview Assets.xcassets in Resources */ = {isa = PBXBuildFile; fileRef = 653EC66D2CB4172700314BB5 /* Preview Assets.xcassets */; };
/* End PBXBuildFile section */

/* Begin PBXFileReference section */
		652B49272CB43E5A00A64A9A /* database.swift */ = {isa = PBXFileReference; lastKnownFileType = sourcecode.swift; path = database.swift; sourceTree = "<group>"; };
		653EC6632CB4172400314BB5 /* Sorex.app */ = {isa = PBXFileReference; explicitFileType = wrapper.application; includeInIndex = 0; path = Sorex.app; sourceTree = BUILT_PRODUCTS_DIR; };
		653EC6662CB4172400314BB5 /* SorexApp.swift */ = {isa = PBXFileReference; lastKnownFileType = sourcecode.swift; path = SorexApp.swift; sourceTree = "<group>"; };
		653EC6682CB4172400314BB5 /* ContentView.swift */ = {isa = PBXFileReference; lastKnownFileType = sourcecode.swift; path = ContentView.swift; sourceTree = "<group>"; };
		653EC66A2CB4172700314BB5 /* Assets.xcassets */ = {isa = PBXFileReference; lastKnownFileType = folder.assetcatalog; path = Assets.xcassets; sourceTree = "<group>"; };
		653EC66D2CB4172700314BB5 /* Preview Assets.xcassets */ = {isa = PBXFileReference; lastKnownFileType = folder.assetcatalog; path = "Preview Assets.xcassets"; sourceTree = "<group>"; };
		653EC66F2CB4172700314BB5 /* Sorex.entitlements */ = {isa = PBXFileReference; lastKnownFileType = text.plist.entitlements; path = Sorex.entitlements; sourceTree = "<group>"; };
/* End PBXFileReference section */

/* Begin PBXFrameworksBuildPhase section */
		653EC6602CB4172400314BB5 /* Frameworks */ = {
			isa = PBXFrameworksBuildPhase;
			buildActionMask = 2147483647;
			files = (
				652B49202CB4181A00A64A9A /* SQLite in Frameworks */,
				652B49232CB4187200A64A9A /* MarkdownUI in Frameworks */,
			);
			runOnlyForDeploymentPostprocessing = 0;
		};
/* End PBXFrameworksBuildPhase section */

/* Begin PBXGroup section */
		652B49242CB439A300A64A9A /* model */ = {
			isa = PBXGroup;
			children = (
				652B49272CB43E5A00A64A9A /* database.swift */,
			);
			path = model;
			sourceTree = "<group>";
		};
		653EC65A2CB4172400314BB5 = {
			isa = PBXGroup;
			children = (
				653EC6652CB4172400314BB5 /* Sorex */,
				653EC6642CB4172400314BB5 /* Products */,
			);
			sourceTree = "<group>";
		};
		653EC6642CB4172400314BB5 /* Products */ = {
			isa = PBXGroup;
			children = (
				653EC6632CB4172400314BB5 /* Sorex.app */,
			);
			name = Products;
			sourceTree = "<group>";
		};
		653EC6652CB4172400314BB5 /* Sorex */ = {
			isa = PBXGroup;
			children = (
				652B49242CB439A300A64A9A /* model */,
				653EC6662CB4172400314BB5 /* SorexApp.swift */,
				653EC6682CB4172400314BB5 /* ContentView.swift */,
				653EC66A2CB4172700314BB5 /* Assets.xcassets */,
				653EC66F2CB4172700314BB5 /* Sorex.entitlements */,
				653EC66C2CB4172700314BB5 /* Preview Content */,
			);
			path = Sorex;
			sourceTree = "<group>";
		};
		653EC66C2CB4172700314BB5 /* Preview Content */ = {
			isa = PBXGroup;
			children = (
				653EC66D2CB4172700314BB5 /* Preview Assets.xcassets */,
			);
			path = "Preview Content";
			sourceTree = "<group>";
		};
/* End PBXGroup section */

/* Begin PBXNativeTarget section */
		653EC6622CB4172400314BB5 /* Sorex */ = {
			isa = PBXNativeTarget;
			buildConfigurationList = 653EC6722CB4172700314BB5 /* Build configuration list for PBXNativeTarget "Sorex" */;
			buildPhases = (
				653EC65F2CB4172400314BB5 /* Sources */,
				653EC6602CB4172400314BB5 /* Frameworks */,
				653EC6612CB4172400314BB5 /* Resources */,
			);
			buildRules = (
			);
			dependencies = (
			);
			name = Sorex;
			packageProductDependencies = (
				652B491F2CB4181A00A64A9A /* SQLite */,
				652B49222CB4187200A64A9A /* MarkdownUI */,
			);
			productName = Sorex;
			productReference = 653EC6632CB4172400314BB5 /* Sorex.app */;
			productType = "com.apple.product-type.application";
		};
/* End PBXNativeTarget section */

/* Begin PBXProject section */
		653EC65B2CB4172400314BB5 /* Project object */ = {
			isa = PBXProject;
			attributes = {
				BuildIndependentTargetsInParallel = 1;
				LastSwiftUpdateCheck = 1520;
				LastUpgradeCheck = 1520;
				TargetAttributes = {
					653EC6622CB4172400314BB5 = {
						CreatedOnToolsVersion = 15.2;
					};
				};
			};
			buildConfigurationList = 653EC65E2CB4172400314BB5 /* Build configuration list for PBXProject "Sorex" */;
			compatibilityVersion = "Xcode 14.0";
			developmentRegion = en;
			hasScannedForEncodings = 0;
			knownRegions = (
				en,
				Base,
			);
			mainGroup = 653EC65A2CB4172400314BB5;
			packageReferences = (
				652B491E2CB4181A00A64A9A /* XCRemoteSwiftPackageReference "SQLite" */,
				652B49212CB4187200A64A9A /* XCRemoteSwiftPackageReference "swift-markdown-ui" */,
			);
			productRefGroup = 653EC6642CB4172400314BB5 /* Products */;
			projectDirPath = "";
			projectRoot = "";
			targets = (
				653EC6622CB4172400314BB5 /* Sorex */,
			);
		};
/* End PBXProject section */

/* Begin PBXResourcesBuildPhase section */
		653EC6612CB4172400314BB5 /* Resources */ = {
			isa = PBXResourcesBuildPhase;
			buildActionMask = 2147483647;
			files = (
				653EC66E2CB4172700314BB5 /* Preview Assets.xcassets in Resources */,
				653EC66B2CB4172700314BB5 /* Assets.xcassets in Resources */,
			);
			runOnlyForDeploymentPostprocessing = 0;
		};
/* End PBXResourcesBuildPhase section */

/* Begin PBXSourcesBuildPhase section */
		653EC65F2CB4172400314BB5 /* Sources */ = {
			isa = PBXSourcesBuildPhase;
			buildActionMask = 2147483647;
			files = (
				653EC6692CB4172400314BB5 /* ContentView.swift in Sources */,
				652B49282CB43E5A00A64A9A /* database.swift in Sources */,
				653EC6672CB4172400314BB5 /* SorexApp.swift in Sources */,
			);
			runOnlyForDeploymentPostprocessing = 0;
		};
/* End PBXSourcesBuildPhase section */

/* Begin XCBuildConfiguration section */
		653EC6702CB4172700314BB5 /* Debug */ = {
			isa = XCBuildConfiguration;
			buildSettings = {
				ALWAYS_SEARCH_USER_PATHS = NO;
				ASSETCATALOG_COMPILER_GENERATE_SWIFT_ASSET_SYMBOL_EXTENSIONS = YES;
				CLANG_ANALYZER_NONNULL = YES;
				CLANG_ANALYZER_NUMBER_OBJECT_CONVERSION = YES_AGGRESSIVE;
				CLANG_CXX_LANGUAGE_STANDARD = "gnu++20";
				CLANG_ENABLE_MODULES = YES;
				CLANG_ENABLE_OBJC_ARC = YES;
				CLANG_ENABLE_OBJC_WEAK = YES;
				CLANG_WARN_BLOCK_CAPTURE_AUTORELEASING = YES;
				CLANG_WARN_BOOL_CONVERSION = YES;
				CLANG_WARN_COMMA = YES;
				CLANG_WARN_CONSTANT_CONVERSION = YES;
				CLANG_WARN_DEPRECATED_OBJC_IMPLEMENTATIONS = YES;
				CLANG_WARN_DIRECT_OBJC_ISA_USAGE = YES_ERROR;
				CLANG_WARN_DOCUMENTATION_COMMENTS = YES;
				CLANG_WARN_EMPTY_BODY = YES;
				CLANG_WARN_ENUM_CONVERSION = YES;
				CLANG_WARN_INFINITE_RECURSION = YES;
				CLANG_WARN_INT_CONVERSION = YES;
				CLANG_WARN_NON_LITERAL_NULL_CONVERSION = YES;
				CLANG_WARN_OBJC_IMPLICIT_RETAIN_SELF = YES;
				CLANG_WARN_OBJC_LITERAL_CONVERSION = YES;
				CLANG_WARN_OBJC_ROOT_CLASS = YES_ERROR;
				CLANG_WARN_QUOTED_INCLUDE_IN_FRAMEWORK_HEADER = YES;
				CLANG_WARN_RANGE_LOOP_ANALYSIS = YES;
				CLANG_WARN_STRICT_PROTOTYPES = YES;
				CLANG_WARN_SUSPICIOUS_MOVE = YES;
				CLANG_WARN_UNGUARDED_AVAILABILITY = YES_AGGRESSIVE;
				CLANG_WARN_UNREACHABLE_CODE = YES;
				CLANG_WARN__DUPLICATE_METHOD_MATCH = YES;
				COPY_PHASE_STRIP = NO;
				DEBUG_INFORMATION_FORMAT = dwarf;
				ENABLE_STRICT_OBJC_MSGSEND = YES;
				ENABLE_TESTABILITY = YES;
				ENABLE_USER_SCRIPT_SANDBOXING = YES;
				GCC_C_LANGUAGE_STANDARD = gnu17;
				GCC_DYNAMIC_NO_PIC = NO;
				GCC_NO_COMMON_BLOCKS = YES;
				GCC_OPTIMIZATION_LEVEL = 0;
				GCC_PREPROCESSOR_DEFINITIONS = (
					"DEBUG=1",
					"$(inherited)",
				);
				GCC_WARN_64_TO_32_BIT_CONVERSION = YES;
				GCC_WARN_ABOUT_RETURN_TYPE = YES_ERROR;
				GCC_WARN_UNDECLARED_SELECTOR = YES;
				GCC_WARN_UNINITIALIZED_AUTOS = YES_AGGRESSIVE;
				GCC_WARN_UNUSED_FUNCTION = YES;
				GCC_WARN_UNUSED_VARIABLE = YES;
				LOCALIZATION_PREFERS_STRING_CATALOGS = YES;
				MACOSX_DEPLOYMENT_TARGET = 13.6;
				MTL_ENABLE_DEBUG_INFO = INCLUDE_SOURCE;
				MTL_FAST_MATH = YES;
				ONLY_ACTIVE_ARCH = YES;
				SDKROOT = macosx;
				SWIFT_ACTIVE_COMPILATION_CONDITIONS = "DEBUG $(inherited)";
				SWIFT_OPTIMIZATION_LEVEL = "-Onone";
			};
			name = Debug;
		};
		653EC6712CB4172700314BB5 /* Release */ = {
			isa = XCBuildConfiguration;
			buildSettings = {
				ALWAYS_SEARCH_USER_PATHS = NO;
				ASSETCATALOG_COMPILER_GENERATE_SWIFT_ASSET_SYMBOL_EXTENSIONS = YES;
				CLANG_ANALYZER_NONNULL = YES;
				CLANG_ANALYZER_NUMBER_OBJECT_CONVERSION = YES_AGGRESSIVE;
				CLANG_CXX_LANGUAGE_STANDARD = "gnu++20";
				CLANG_ENABLE_MODULES = YES;
				CLANG_ENABLE_OBJC_ARC = YES;
				CLANG_ENABLE_OBJC_WEAK = YES;
				CLANG_WARN_BLOCK_CAPTURE_AUTORELEASING = YES;
				CLANG_WARN_BOOL_CONVERSION = YES;
				CLANG_WARN_COMMA = YES;
				CLANG_WARN_CONSTANT_CONVERSION = YES;
				CLANG_WARN_DEPRECATED_OBJC_IMPLEMENTATIONS = YES;
				CLANG_WARN_DIRECT_OBJC_ISA_USAGE = YES_ERROR;
				CLANG_WARN_DOCUMENTATION_COMMENTS = YES;
				CLANG_WARN_EMPTY_BODY = YES;
				CLANG_WARN_ENUM_CONVERSION = YES;
				CLANG_WARN_INFINITE_RECURSION = YES;
				CLANG_WARN_INT_CONVERSION = YES;
				CLANG_WARN_NON_LITERAL_NULL_CONVERSION = YES;
				CLANG_WARN_OBJC_IMPLICIT_RETAIN_SELF = YES;
				CLANG_WARN_OBJC_LITERAL_CONVERSION = YES;
				CLANG_WARN_OBJC_ROOT_CLASS = YES_ERROR;
				CLANG_WARN_QUOTED_INCLUDE_IN_FRAMEWORK_HEADER = YES;
				CLANG_WARN_RANGE_LOOP_ANALYSIS = YES;
				CLANG_WARN_STRICT_PROTOTYPES = YES;
				CLANG_WARN_SUSPICIOUS_MOVE = YES;
				CLANG_WARN_UNGUARDED_AVAILABILITY = YES_AGGRESSIVE;
				CLANG_WARN_UNREACHABLE_CODE = YES;
				CLANG_WARN__DUPLICATE_METHOD_MATCH = YES;
				COPY_PHASE_STRIP = NO;
				DEBUG_INFORMATION_FORMAT = "dwarf-with-dsym";
				ENABLE_NS_ASSERTIONS = NO;
				ENABLE_STRICT_OBJC_MSGSEND = YES;
				ENABLE_USER_SCRIPT_SANDBOXING = YES;
				GCC_C_LANGUAGE_STANDARD = gnu17;
				GCC_NO_COMMON_BLOCKS = YES;
				GCC_WARN_64_TO_32_BIT_CONVERSION = YES;
				GCC_WARN_ABOUT_RETURN_TYPE = YES_ERROR;
				GCC_WARN_UNDECLARED_SELECTOR = YES;
				GCC_WARN_UNINITIALIZED_AUTOS = YES_AGGRESSIVE;
				GCC_WARN_UNUSED_FUNCTION = YES;
				GCC_WARN_UNUSED_VARIABLE = YES;
				LOCALIZATION_PREFERS_STRING_CATALOGS = YES;
				MACOSX_DEPLOYMENT_TARGET = 13.6;
				MTL_ENABLE_DEBUG_INFO = NO;
				MTL_FAST_MATH = YES;
				SDKROOT = macosx;
				SWIFT_COMPILATION_MODE = wholemodule;
			};
			name = Release;
		};
		653EC6732CB4172700314BB5 /* Debug */ = {
			isa = XCBuildConfiguration;
			buildSettings = {
				ASSETCATALOG_COMPILER_APPICON_NAME = AppIcon;
				ASSETCATALOG_COMPILER_GLOBAL_ACCENT_COLOR_NAME = AccentColor;
				CODE_SIGN_ENTITLEMENTS = Sorex/Sorex.entitlements;
				CODE_SIGN_STYLE = Automatic;
				COMBINE_HIDPI_IMAGES = YES;
				CURRENT_PROJECT_VERSION = 1;
				DEVELOPMENT_ASSET_PATHS = "\"Sorex/Preview Content\"";
				DEVELOPMENT_TEAM = UUK2LMKK3C;
				ENABLE_HARDENED_RUNTIME = NO;
				ENABLE_PREVIEWS = YES;
				GENERATE_INFOPLIST_FILE = YES;
				INFOPLIST_KEY_NSHumanReadableCopyright = "";
				LD_RUNPATH_SEARCH_PATHS = (
					"$(inherited)",
					"@executable_path/../Frameworks",
				);
				MARKETING_VERSION = 1.0;
				PRODUCT_BUNDLE_IDENTIFIER = com.mitrakoff.self.Sorex;
				PRODUCT_NAME = "$(TARGET_NAME)";
				SWIFT_EMIT_LOC_STRINGS = YES;
				SWIFT_VERSION = 5.0;
			};
			name = Debug;
		};
		653EC6742CB4172700314BB5 /* Release */ = {
			isa = XCBuildConfiguration;
			buildSettings = {
				ASSETCATALOG_COMPILER_APPICON_NAME = AppIcon;
				ASSETCATALOG_COMPILER_GLOBAL_ACCENT_COLOR_NAME = AccentColor;
				CODE_SIGN_ENTITLEMENTS = Sorex/Sorex.entitlements;
				CODE_SIGN_STYLE = Automatic;
				COMBINE_HIDPI_IMAGES = YES;
				CURRENT_PROJECT_VERSION = 1;
				DEVELOPMENT_ASSET_PATHS = "\"Sorex/Preview Content\"";
				DEVELOPMENT_TEAM = UUK2LMKK3C;
				ENABLE_HARDENED_RUNTIME = NO;
				ENABLE_PREVIEWS = YES;
				GENERATE_INFOPLIST_FILE = YES;
				INFOPLIST_KEY_NSHumanReadableCopyright = "";
				LD_RUNPATH_SEARCH_PATHS = (
					"$(inherited)",
					"@executable_path/../Frameworks",
				);
				MARKETING_VERSION = 1.0;
				PRODUCT_BUNDLE_IDENTIFIER = com.mitrakoff.self.Sorex;
				PRODUCT_NAME = "$(TARGET_NAME)";
				SWIFT_EMIT_LOC_STRINGS = YES;
				SWIFT_VERSION = 5.0;
			};
			name = Release;
		};
/* End XCBuildConfiguration section */

/* Begin XCConfigurationList section */
		653EC65E2CB4172400314BB5 /* Build configuration list for PBXProject "Sorex" */ = {
			isa = XCConfigurationList;
			buildConfigurations = (
				653EC6702CB4172700314BB5 /* Debug */,
				653EC6712CB4172700314BB5 /* Release */,
			);
			defaultConfigurationIsVisible = 0;
			defaultConfigurationName = Release;
		};
		653EC6722CB4172700314BB5 /* Build configuration list for PBXNativeTarget "Sorex" */ = {
			isa = XCConfigurationList;
			buildConfigurations = (
				653EC6732CB4172700314BB5 /* Debug */,
				653EC6742CB4172700314BB5 /* Release */,
			);
			defaultConfigurationIsVisible = 0;
			defaultConfigurationName = Release;
		};
/* End XCConfigurationList section */

/* Begin XCRemoteSwiftPackageReference section */
		652B491E2CB4181A00A64A9A /* XCRemoteSwiftPackageReference "SQLite" */ = {
			isa = XCRemoteSwiftPackageReference;
			repositoryURL = "https://github.com/stephencelis/SQLite.swift";
			requirement = {
				kind = upToNextMajorVersion;
				minimumVersion = 0.15.3;
			};
		};
		652B49212CB4187200A64A9A /* XCRemoteSwiftPackageReference "swift-markdown-ui" */ = {
			isa = XCRemoteSwiftPackageReference;
			repositoryURL = "https://github.com/gonzalezreal/swift-markdown-ui";
			requirement = {
				kind = upToNextMajorVersion;
				minimumVersion = 2.4.0;
			};
		};
/* End XCRemoteSwiftPackageReference section */

/* Begin XCSwiftPackageProductDependency section */
		652B491F2CB4181A00A64A9A /* SQLite */ = {
			isa = XCSwiftPackageProductDependency;
			package = 652B491E2CB4181A00A64A9A /* XCRemoteSwiftPackageReference "SQLite" */;
			productName = SQLite;
		};
		652B49222CB4187200A64A9A /* MarkdownUI */ = {
			isa = XCSwiftPackageProductDependency;
			package = 652B49212CB4187200A64A9A /* XCRemoteSwiftPackageReference "swift-markdown-ui" */;
			productName = MarkdownUI;
		};
/* End XCSwiftPackageProductDependency section */
	};
	rootObject = 653EC65B2CB4172400314BB5 /* Project object */;
}
